# This file is autogenerated, do not edit; changes may be undone by the next 'dep ensure'.


[[projects]]
  digest = "1:3c72c4b4159f7ef8e897c4ed14ca7d491ecaa53a3285d12debc923ff1f197963"
  name = "github.com/btcsuite/btcd"
  packages = ["btcec"]
  pruneopts = "UT"
  revision = "f3ec13030e4e828869954472cbc51ac36bee5c1d"
  version = "v0.20.1-beta"

[[projects]]
  digest = "1:d7e3af0d44b33e0f9ef6eca3056848330733395bb82a8f61d51668406ef11dd7"
  name = "github.com/ethereum/go-ethereum"
  packages = [
    "common",
    "common/hexutil",
    "common/math",
    "crypto",
    "crypto/secp256k1",
    "rlp",
  ]
  pruneopts = "UT"
  revision = "017449971e1e9e220efcd97d3313a0e27f47003b"
  version = "v1.9.9"

[[projects]]
  branch = "master"
  digest = "1:4fa2ca25ca372413905486e2c02570b1f5ae72eeab50d223660fcd190582e0c3"
  name = "golang.org/x/crypto"
  packages = ["sha3"]
  pruneopts = "UT"
  revision = "86ce3cb696783b739e41e834e2eead3e1b4aa3fb"

[[projects]]
  branch = "master"
  digest = "1:e1f7cd50bff4fa30d44c45fef943ade1959587a5adc8e7943c2e5d806140679f"
  name = "golang.org/x/sys"
  packages = ["cpu"]
  pruneopts = "UT"
  revision = "12a6c2dcc1e4cb348b57847c73987099e261714b"

[solve-meta]
  analyzer-name = "dep"
  analyzer-version = 1
  input-imports = [
    "github.com/ethereum/go-ethereum/common",
    "github.com/ethereum/go-ethereum/crypto",
  ]
  solver-name = "gps-cdcl"
  solver-version = 1
